{
  "name": "mjs-pkg-tilde-nested",
  "requires": true,
  "lockfileVersion": 1,
  "dependencies": {
    "~": {
      "version": "file:../mjs-pkg-tilde",
      "requires": {
        "~": "file:../mjs-pkg-tilde"
      },
      "dependencies": {
        "~": {
          "version": "file:../mjs-pkg-tilde",
          "dev": true,
          "requires": {
            "~": "file:../mjs-pkg-tilde"
          },
          "dependencies": {
            "~": {
              "version": "file:../mjs-pkg-tilde",
              "dev": true,
              "requires": {
                "~": "file:../mjs-pkg-tilde"
              },
              "dependencies": {}
            }
          }
        }
      }
    }
  }
}
